// !$*UTF8*$!
{
	archiveVersion = 1;
	classes = {
	};
	objectVersion = 55;
	objects = {

/* Begin PBXBuildFile section */
		1E5E5DB7288AC12A00003A86 /* AppDelegate.swift in Sources */ = {isa = PBXBuildFile; fileRef = 1E5E5DB6288AC12A00003A86 /* AppDelegate.swift */; };
		1E5E5DB9288AC12A00003A86 /* SceneDelegate.swift in Sources */ = {isa = PBXBuildFile; fileRef = 1E5E5DB8288AC12A00003A86 /* SceneDelegate.swift */; };
		1E5E5DBB288AC12A00003A86 /* PickViewController.swift in Sources */ = {isa = PBXBuildFile; fileRef = 1E5E5DBA288AC12A00003A86 /* PickViewController.swift */; };
		1E5E5DBE288AC12A00003A86 /* Main.storyboard in Resources */ = {isa = PBXBuildFile; fileRef = 1E5E5DBC288AC12A00003A86 /* Main.storyboard */; };
		1E5E5DC0288AC12B00003A86 /* Assets.xcassets in Resources */ = {isa = PBXBuildFile; fileRef = 1E5E5DBF288AC12B00003A86 /* Assets.xcassets */; };
		1E5E5DC3288AC12B00003A86 /* LaunchScreen.storyboard in Resources */ = {isa = PBXBuildFile; fileRef = 1E5E5DC1288AC12B00003A86 /* LaunchScreen.storyboard */; };
		1E5E5DCE288AC12B00003A86 /* RoshamboTests.swift in Sources */ = {isa = PBXBuildFile; fileRef = 1E5E5DCD288AC12B00003A86 /* RoshamboTests.swift */; };
		1E5E5DD8288AC12B00003A86 /* RoshamboUITests.swift in Sources */ = {isa = PBXBuildFile; fileRef = 1E5E5DD7288AC12B00003A86 /* RoshamboUITests.swift */; };
		1E5E5DDA288AC12B00003A86 /* RoshamboUITestsLaunchTests.swift in Sources */ = {isa = PBXBuildFile; fileRef = 1E5E5DD9288AC12B00003A86 /* RoshamboUITestsLaunchTests.swift */; };
		1E719D2E288B733800AB788A /* ResultViewController.swift in Sources */ = {isa = PBXBuildFile; fileRef = 1E719D2D288B733800AB788A /* ResultViewController.swift */; };
		1E719D30288B768B00AB788A /* Model.swift in Sources */ = {isa = PBXBuildFile; fileRef = 1E719D2F288B768B00AB788A /* Model.swift */; };
/* End PBXBuildFile section */

/* Begin PBXContainerItemProxy section */
		1E5E5DCA288AC12B00003A86 /* PBXContainerItemProxy */ = {
			isa = PBXContainerItemProxy;
			containerPortal = 1E5E5DAB288AC12A00003A86 /* Project object */;
			proxyType = 1;
			remoteGlobalIDString = 1E5E5DB2288AC12A00003A86;
			remoteInfo = Roshambo;
		};
		1E5E5DD4288AC12B00003A86 /* PBXContainerItemProxy */ = {
			isa = PBXContainerItemProxy;
			containerPortal = 1E5E5DAB288AC12A00003A86 /* Project object */;
			proxyType = 1;
			remoteGlobalIDString = 1E5E5DB2288AC12A00003A86;
			remoteInfo = Roshambo;
		};
/* End PBXContainerItemProxy section */

/* Begin PBXFileReference section */
		1E5E5DB3288AC12A00003A86 /* Roshambo.app */ = {isa = PBXFileReference; explicitFileType = wrapper.application; includeInIndex = 0; path = Roshambo.app; sourceTree = BUILT_PRODUCTS_DIR; };
		1E5E5DB6288AC12A00003A86 /* AppDelegate.swift */ = {isa = PBXFileReference; lastKnownFileType = sourcecode.swift; path = AppDelegate.swift; sourceTree = "<group>"; };
		1E5E5DB8288AC12A00003A86 /* SceneDelegate.swift */ = {isa = PBXFileReference; lastKnownFileType = sourcecode.swift; path = SceneDelegate.swift; sourceTree = "<group>"; };
		1E5E5DBA288AC12A00003A86 /* PickViewController.swift */ = {isa = PBXFileReference; lastKnownFileType = sourcecode.swift; path = PickViewController.swift; sourceTree = "<group>"; };
		1E5E5DBD288AC12A00003A86 /* Base */ = {isa = PBXFileReference; lastKnownFileType = file.storyboard; name = Base; path = Base.lproj/Main.storyboard; sourceTree = "<group>"; };
		1E5E5DBF288AC12B00003A86 /* Assets.xcassets */ = {isa = PBXFileReference; lastKnownFileType = folder.assetcatalog; path = Assets.xcassets; sourceTree = "<group>"; };
		1E5E5DC2288AC12B00003A86 /* Base */ = {isa = PBXFileReference; lastKnownFileType = file.storyboard; name = Base; path = Base.lproj/LaunchScreen.storyboard; sourceTree = "<group>"; };
		1E5E5DC4288AC12B00003A86 /* Info.plist */ = {isa = PBXFileReference; lastKnownFileType = text.plist.xml; path = Info.plist; sourceTree = "<group>"; };
		1E5E5DC9288AC12B00003A86 /* RoshamboTests.xctest */ = {isa = PBXFileReference; explicitFileType = wrapper.cfbundle; includeInIndex = 0; path = RoshamboTests.xctest; sourceTree = BUILT_PRODUCTS_DIR; };
		1E5E5DCD288AC12B00003A86 /* RoshamboTests.swift */ = {isa = PBXFileReference; lastKnownFileType = sourcecode.swift; path = RoshamboTests.swift; sourceTree = "<group>"; };
		1E5E5DD3288AC12B00003A86 /* RoshamboUITests.xctest */ = {isa = PBXFileReference; explicitFileType = wrapper.cfbundle; includeInIndex = 0; path = RoshamboUITests.xctest; sourceTree = BUILT_PRODUCTS_DIR; };
		1E5E5DD7288AC12B00003A86 /* RoshamboUITests.swift */ = {isa = PBXFileReference; lastKnownFileType = sourcecode.swift; path = RoshamboUITests.swift; sourceTree = "<group>"; };
		1E5E5DD9288AC12B00003A86 /* RoshamboUITestsLaunchTests.swift */ = {isa = PBXFileReference; lastKnownFileType = sourcecode.swift; path = RoshamboUITestsLaunchTests.swift; sourceTree = "<group>"; };
		1E719D2D288B733800AB788A /* ResultViewController.swift */ = {isa = PBXFileReference; lastKnownFileType = sourcecode.swift; path = ResultViewController.swift; sourceTree = "<group>"; };
		1E719D2F288B768B00AB788A /* Model.swift */ = {isa = PBXFileReference; lastKnownFileType = sourcecode.swift; path = Model.swift; sourceTree = "<group>"; };
/* End PBXFileReference section */

/* Begin PBXFrameworksBuildPhase section */
		1E5E5DB0288AC12A00003A86 /* Frameworks */ = {
			isa = PBXFrameworksBuildPhase;
			buildActionMask = 2147483647;
			files = (
			);
			runOnlyForDeploymentPostprocessing = 0;
		};
		1E5E5DC6288AC12B00003A86 /* Frameworks */ = {
			isa = PBXFrameworksBuildPhase;
			buildActionMask = 2147483647;
			files = (
			);
			runOnlyForDeploymentPostprocessing = 0;
		};
		1E5E5DD0288AC12B00003A86 /* Frameworks */ = {
			isa = PBXFrameworksBuildPhase;
			buildActionMask = 2147483647;
			files = (
			);
			runOnlyForDeploymentPostprocessing = 0;
		};
/* End PBXFrameworksBuildPhase section */

/* Begin PBXGroup section */
		1E5E5DAA288AC12A00003A86 = {
			isa = PBXGroup;
			children = (
				1E5E5DB5288AC12A00003A86 /* Roshambo */,
				1E5E5DCC288AC12B00003A86 /* RoshamboTests */,
				1E5E5DD6288AC12B00003A86 /* RoshamboUITests */,
				1E5E5DB4288AC12A00003A86 /* Products */,
			);
			sourceTree = "<group>";
		};
		1E5E5DB4288AC12A00003A86 /* Products */ = {
			isa = PBXGroup;
			children = (
				1E5E5DB3288AC12A00003A86 /* Roshambo.app */,
				1E5E5DC9288AC12B00003A86 /* RoshamboTests.xctest */,
				1E5E5DD3288AC12B00003A86 /* RoshamboUITests.xctest */,
			);
			name = Products;
			sourceTree = "<group>";
		};
		1E5E5DB5288AC12A00003A86 /* Roshambo */ = {
			isa = PBXGroup;
			children = (
				1E5E5DB6288AC12A00003A86 /* AppDelegate.swift */,
				1E5E5DB8288AC12A00003A86 /* SceneDelegate.swift */,
				1E5E5DBA288AC12A00003A86 /* PickViewController.swift */,
				1E719D2D288B733800AB788A /* ResultViewController.swift */,
				1E5E5DBC288AC12A00003A86 /* Main.storyboard */,
				1E5E5DBF288AC12B00003A86 /* Assets.xcassets */,
				1E5E5DC1288AC12B00003A86 /* LaunchScreen.storyboard */,
				1E5E5DC4288AC12B00003A86 /* Info.plist */,
				1E719D2F288B768B00AB788A /* Model.swift */,
			);
			path = Roshambo;
			sourceTree = "<group>";
		};
		1E5E5DCC288AC12B00003A86 /* RoshamboTests */ = {
			isa = PBXGroup;
			children = (
				1E5E5DCD288AC12B00003A86 /* RoshamboTests.swift */,
			);
			path = RoshamboTests;
			sourceTree = "<group>";
		};
		1E5E5DD6288AC12B00003A86 /* RoshamboUITests */ = {
			isa = PBXGroup;
			children = (
				1E5E5DD7288AC12B00003A86 /* RoshamboUITests.swift */,
				1E5E5DD9288AC12B00003A86 /* RoshamboUITestsLaunchTests.swift */,
			);
			path = RoshamboUITests;
			sourceTree = "<group>";
		};
/* End PBXGroup section */

/* Begin PBXNativeTarget section */
		1E5E5DB2288AC12A00003A86 /* Roshambo */ = {
			isa = PBXNativeTarget;
			buildConfigurationList = 1E5E5DDD288AC12B00003A86 /* Build configuration list for PBXNativeTarget "Roshambo" */;
			buildPhases = (
				1E5E5DAF288AC12A00003A86 /* Sources */,
				1E5E5DB0288AC12A00003A86 /* Frameworks */,
				1E5E5DB1288AC12A00003A86 /* Resources */,
			);
			buildRules = (
			);
			dependencies = (
			);
			name = Roshambo;
			productName = Roshambo;
			productReference = 1E5E5DB3288AC12A00003A86 /* Roshambo.app */;
			productType = "com.apple.product-type.application";
		};
		1E5E5DC8288AC12B00003A86 /* RoshamboTests */ = {
			isa = PBXNativeTarget;
			buildConfigurationList = 1E5E5DE0288AC12B00003A86 /* Build configuration list for PBXNativeTarget "RoshamboTests" */;
			buildPhases = (
				1E5E5DC5288AC12B00003A86 /* Sources */,
				1E5E5DC6288AC12B00003A86 /* Frameworks */,
				1E5E5DC7288AC12B00003A86 /* Resources */,
			);
			buildRules = (
			);
			dependencies = (
				1E5E5DCB288AC12B00003A86 /* PBXTargetDependency */,
			);
			name = RoshamboTests;
			productName = RoshamboTests;
			productReference = 1E5E5DC9288AC12B00003A86 /* RoshamboTests.xctest */;
			productType = "com.apple.product-type.bundle.unit-test";
		};
		1E5E5DD2288AC12B00003A86 /* RoshamboUITests */ = {
			isa = PBXNativeTarget;
			buildConfigurationList = 1E5E5DE3288AC12B00003A86 /* Build configuration list for PBXNativeTarget "RoshamboUITests" */;
			buildPhases = (
				1E5E5DCF288AC12B00003A86 /* Sources */,
				1E5E5DD0288AC12B00003A86 /* Frameworks */,
				1E5E5DD1288AC12B00003A86 /* Resources */,
			);
			buildRules = (
			);
			dependencies = (
				1E5E5DD5288AC12B00003A86 /* PBXTargetDependency */,
			);
			name = RoshamboUITests;
			productName = RoshamboUITests;
			productReference = 1E5E5DD3288AC12B00003A86 /* RoshamboUITests.xctest */;
			productType = "com.apple.product-type.bundle.ui-testing";
		};
/* End PBXNativeTarget section */

/* Begin PBXProject section */
		1E5E5DAB288AC12A00003A86 /* Project object */ = {
			isa = PBXProject;
			attributes = {
				BuildIndependentTargetsInParallel = 1;
				LastSwiftUpdateCheck = 1340;
				LastUpgradeCheck = 1340;
				TargetAttributes = {
					1E5E5DB2288AC12A00003A86 = {
						CreatedOnToolsVersion = 13.4.1;
					};
					1E5E5DC8288AC12B00003A86 = {
						CreatedOnToolsVersion = 13.4.1;
						TestTargetID = 1E5E5DB2288AC12A00003A86;
					};
					1E5E5DD2288AC12B00003A86 = {
						CreatedOnToolsVersion = 13.4.1;
						TestTargetID = 1E5E5DB2288AC12A00003A86;
					};
				};
			};
			buildConfigurationList = 1E5E5DAE288AC12A00003A86 /* Build configuration list for PBXProject "Roshambo" */;
			compatibilityVersion = "Xcode 13.0";
			developmentRegion = en;
			hasScannedForEncodings = 0;
			knownRegions = (
				en,
				Base,
			);
			mainGroup = 1E5E5DAA288AC12A00003A86;
			productRefGroup = 1E5E5DB4288AC12A00003A86 /* Products */;
			projectDirPath = "";
			projectRoot = "";
			targets = (
				1E5E5DB2288AC12A00003A86 /* Roshambo */,
				1E5E5DC8288AC12B00003A86 /* RoshamboTests */,
				1E5E5DD2288AC12B00003A86 /* RoshamboUITests */,
			);
		};
/* End PBXProject section */

/* Begin PBXResourcesBuildPhase section */
		1E5E5DB1288AC12A00003A86 /* Resources */ = {
			isa = PBXResourcesBuildPhase;
			buildActionMask = 2147483647;
			files = (
				1E5E5DC3288AC12B00003A86 /* LaunchScreen.storyboard in Resources */,
				1E5E5DC0288AC12B00003A86 /* Assets.xcassets in Resources */,
				1E5E5DBE288AC12A00003A86 /* Main.storyboard in Resources */,
			);
			runOnlyForDeploymentPostprocessing = 0;
		};
		1E5E5DC7288AC12B00003A86 /* Resources */ = {
			isa = PBXResourcesBuildPhase;
			buildActionMask = 2147483647;
			files = (
			);
			runOnlyForDeploymentPostprocessing = 0;
		};
		1E5E5DD1288AC12B00003A86 /* Resources */ = {
			isa = PBXResourcesBuildPhase;
			buildActionMask = 2147483647;
			files = (
			);
			runOnlyForDeploymentPostprocessing = 0;
		};
/* End PBXResourcesBuildPhase section */

/* Begin PBXSourcesBuildPhase section */
		1E5E5DAF288AC12A00003A86 /* Sources */ = {
			isa = PBXSourcesBuildPhase;
			buildActionMask = 2147483647;
			files = (
				1E5E5DBB288AC12A00003A86 /* PickViewController.swift in Sources */,
				1E5E5DB7288AC12A00003A86 /* AppDelegate.swift in Sources */,
				1E5E5DB9288AC12A00003A86 /* SceneDelegate.swift in Sources */,
				1E719D30288B768B00AB788A /* Model.swift in Sources */,
				1E719D2E288B733800AB788A /* ResultViewController.swift in Sources */,
			);
			runOnlyForDeploymentPostprocessing = 0;
		};
		1E5E5DC5288AC12B00003A86 /* Sources */ = {
			isa = PBXSourcesBuildPhase;
			buildActionMask = 2147483647;
			files = (
				1E5E5DCE288AC12B00003A86 /* RoshamboTests.swift in Sources */,
			);
			runOnlyForDeploymentPostprocessing = 0;
		};
		1E5E5DCF288AC12B00003A86 /* Sources */ = {
			isa = PBXSourcesBuildPhase;
			buildActionMask = 2147483647;
			files = (
				1E5E5DDA288AC12B00003A86 /* RoshamboUITestsLaunchTests.swift in Sources */,
				1E5E5DD8288AC12B00003A86 /* RoshamboUITests.swift in Sources */,
			);
			runOnlyForDeploymentPostprocessing = 0;
		};
/* End PBXSourcesBuildPhase section */

/* Begin PBXTargetDependency section */
		1E5E5DCB288AC12B00003A86 /* PBXTargetDependency */ = {
			isa = PBXTargetDependency;
			target = 1E5E5DB2288AC12A00003A86 /* Roshambo */;
			targetProxy = 1E5E5DCA288AC12B00003A86 /* PBXContainerItemProxy */;
		};
		1E5E5DD5288AC12B00003A86 /* PBXTargetDependency */ = {
			isa = PBXTargetDependency;
			target = 1E5E5DB2288AC12A00003A86 /* Roshambo */;
			targetProxy = 1E5E5DD4288AC12B00003A86 /* PBXContainerItemProxy */;
		};
/* End PBXTargetDependency section */

/* Begin PBXVariantGroup section */
		1E5E5DBC288AC12A00003A86 /* Main.storyboard */ = {
			isa = PBXVariantGroup;
			children = (
				1E5E5DBD288AC12A00003A86 /* Base */,
			);
			name = Main.storyboard;
			sourceTree = "<group>";
		};
		1E5E5DC1288AC12B00003A86 /* LaunchScreen.storyboard */ = {
			isa = PBXVariantGroup;
			children = (
				1E5E5DC2288AC12B00003A86 /* Base */,
			);
			name = LaunchScreen.storyboard;
			sourceTree = "<group>";
		};
/* End PBXVariantGroup section */

/* Begin XCBuildConfiguration section */
		1E5E5DDB288AC12B00003A86 /* Debug */ = {
			isa = XCBuildConfiguration;
			buildSettings = {
				ALWAYS_SEARCH_USER_PATHS = NO;
				CLANG_ANALYZER_NONNULL = YES;
				CLANG_ANALYZER_NUMBER_OBJECT_CONVERSION = YES_AGGRESSIVE;
				CLANG_CXX_LANGUAGE_STANDARD = "gnu++17";
				CLANG_ENABLE_MODULES = YES;
				CLANG_ENABLE_OBJC_ARC = YES;
				CLANG_ENABLE_OBJC_WEAK = YES;
				CLANG_WARN_BLOCK_CAPTURE_AUTORELEASING = YES;
				CLANG_WARN_BOOL_CONVERSION = YES;
				CLANG_WARN_COMMA = YES;
				CLANG_WARN_CONSTANT_CONVERSION = YES;
				CLANG_WARN_DEPRECATED_OBJC_IMPLEMENTATIONS = YES;
				CLANG_WARN_DIRECT_OBJC_ISA_USAGE = YES_ERROR;
				CLANG_WARN_DOCUMENTATION_COMMENTS = YES;
				CLANG_WARN_EMPTY_BODY = YES;
				CLANG_WARN_ENUM_CONVERSION = YES;
				CLANG_WARN_INFINITE_RECURSION = YES;
				CLANG_WARN_INT_CONVERSION = YES;
				CLANG_WARN_NON_LITERAL_NULL_CONVERSION = YES;
				CLANG_WARN_OBJC_IMPLICIT_RETAIN_SELF = YES;
				CLANG_WARN_OBJC_LITERAL_CONVERSION = YES;
				CLANG_WARN_OBJC_ROOT_CLASS = YES_ERROR;
				CLANG_WARN_QUOTED_INCLUDE_IN_FRAMEWORK_HEADER = YES;
				CLANG_WARN_RANGE_LOOP_ANALYSIS = YES;
				CLANG_WARN_STRICT_PROTOTYPES = YES;
				CLANG_WARN_SUSPICIOUS_MOVE = YES;
				CLANG_WARN_UNGUARDED_AVAILABILITY = YES_AGGRESSIVE;
				CLANG_WARN_UNREACHABLE_CODE = YES;
				CLANG_WARN__DUPLICATE_METHOD_MATCH = YES;
				COPY_PHASE_STRIP = NO;
				DEBUG_INFORMATION_FORMAT = dwarf;
				ENABLE_STRICT_OBJC_MSGSEND = YES;
				ENABLE_TESTABILITY = YES;
				GCC_C_LANGUAGE_STANDARD = gnu11;
				GCC_DYNAMIC_NO_PIC = NO;
				GCC_NO_COMMON_BLOCKS = YES;
				GCC_OPTIMIZATION_LEVEL = 0;
				GCC_PREPROCESSOR_DEFINITIONS = (
					"DEBUG=1",
					"$(inherited)",
				);
				GCC_WARN_64_TO_32_BIT_CONVERSION = YES;
				GCC_WARN_ABOUT_RETURN_TYPE = YES_ERROR;
				GCC_WARN_UNDECLARED_SELECTOR = YES;
				GCC_WARN_UNINITIALIZED_AUTOS = YES_AGGRESSIVE;
				GCC_WARN_UNUSED_FUNCTION = YES;
				GCC_WARN_UNUSED_VARIABLE = YES;
				IPHONEOS_DEPLOYMENT_TARGET = 15.5;
				MTL_ENABLE_DEBUG_INFO = INCLUDE_SOURCE;
				MTL_FAST_MATH = YES;
				ONLY_ACTIVE_ARCH = YES;
				SDKROOT = iphoneos;
				SWIFT_ACTIVE_COMPILATION_CONDITIONS = DEBUG;
				SWIFT_OPTIMIZATION_LEVEL = "-Onone";
			};
			name = Debug;
		};
		1E5E5DDC288AC12B00003A86 /* Release */ = {
			isa = XCBuildConfiguration;
			buildSettings = {
				ALWAYS_SEARCH_USER_PATHS = NO;
				CLANG_ANALYZER_NONNULL = YES;
				CLANG_ANALYZER_NUMBER_OBJECT_CONVERSION = YES_AGGRESSIVE;
				CLANG_CXX_LANGUAGE_STANDARD = "gnu++17";
				CLANG_ENABLE_MODULES = YES;
				CLANG_ENABLE_OBJC_ARC = YES;
				CLANG_ENABLE_OBJC_WEAK = YES;
				CLANG_WARN_BLOCK_CAPTURE_AUTORELEASING = YES;
				CLANG_WARN_BOOL_CONVERSION = YES;
				CLANG_WARN_COMMA = YES;
				CLANG_WARN_CONSTANT_CONVERSION = YES;
				CLANG_WARN_DEPRECATED_OBJC_IMPLEMENTATIONS = YES;
				CLANG_WARN_DIRECT_OBJC_ISA_USAGE = YES_ERROR;
				CLANG_WARN_DOCUMENTATION_COMMENTS = YES;
				CLANG_WARN_EMPTY_BODY = YES;
				CLANG_WARN_ENUM_CONVERSION = YES;
				CLANG_WARN_INFINITE_RECURSION = YES;
				CLANG_WARN_INT_CONVERSION = YES;
				CLANG_WARN_NON_LITERAL_NULL_CONVERSION = YES;
				CLANG_WARN_OBJC_IMPLICIT_RETAIN_SELF = YES;
				CLANG_WARN_OBJC_LITERAL_CONVERSION = YES;
				CLANG_WARN_OBJC_ROOT_CLASS = YES_ERROR;
				CLANG_WARN_QUOTED_INCLUDE_IN_FRAMEWORK_HEADER = YES;
				CLANG_WARN_RANGE_LOOP_ANALYSIS = YES;
				CLANG_WARN_STRICT_PROTOTYPES = YES;
				CLANG_WARN_SUSPICIOUS_MOVE = YES;
				CLANG_WARN_UNGUARDED_AVAILABILITY = YES_AGGRESSIVE;
				CLANG_WARN_UNREACHABLE_CODE = YES;
				CLANG_WARN__DUPLICATE_METHOD_MATCH = YES;
				COPY_PHASE_STRIP = NO;
				DEBUG_INFORMATION_FORMAT = "dwarf-with-dsym";
				ENABLE_NS_ASSERTIONS = NO;
				ENABLE_STRICT_OBJC_MSGSEND = YES;
				GCC_C_LANGUAGE_STANDARD = gnu11;
				GCC_NO_COMMON_BLOCKS = YES;
				GCC_WARN_64_TO_32_BIT_CONVERSION = YES;
				GCC_WARN_ABOUT_RETURN_TYPE = YES_ERROR;
				GCC_WARN_UNDECLARED_SELECTOR = YES;
				GCC_WARN_UNINITIALIZED_AUTOS = YES_AGGRESSIVE;
				GCC_WARN_UNUSED_FUNCTION = YES;
				GCC_WARN_UNUSED_VARIABLE = YES;
				IPHONEOS_DEPLOYMENT_TARGET = 15.5;
				MTL_ENABLE_DEBUG_INFO = NO;
				MTL_FAST_MATH = YES;
				SDKROOT = iphoneos;
				SWIFT_COMPILATION_MODE = wholemodule;
				SWIFT_OPTIMIZATION_LEVEL = "-O";
				VALIDATE_PRODUCT = YES;
			};
			name = Release;
		};
		1E5E5DDE288AC12B00003A86 /* Debug */ = {
			isa = XCBuildConfiguration;
			buildSettings = {
				ASSETCATALOG_COMPILER_APPICON_NAME = AppIcon;
				ASSETCATALOG_COMPILER_GLOBAL_ACCENT_COLOR_NAME = AccentColor;
				CODE_SIGN_STYLE = Automatic;
				CURRENT_PROJECT_VERSION = 1;
				DEVELOPMENT_TEAM = FH8V9LYGVN;
				GENERATE_INFOPLIST_FILE = YES;
				INFOPLIST_FILE = Roshambo/Info.plist;
				INFOPLIST_KEY_UIApplicationSupportsIndirectInputEvents = YES;
				INFOPLIST_KEY_UILaunchStoryboardName = LaunchScreen;
				INFOPLIST_KEY_UIMainStoryboardFile = Main;
				INFOPLIST_KEY_UISupportedInterfaceOrientations_iPad = "UIInterfaceOrientationPortrait UIInterfaceOrientationPortraitUpsideDown UIInterfaceOrientationLandscapeLeft UIInterfaceOrientationLandscapeRight";
				INFOPLIST_KEY_UISupportedInterfaceOrientations_iPhone = "UIInterfaceOrientationPortrait UIInterfaceOrientationLandscapeLeft UIInterfaceOrientationLandscapeRight";
				LD_RUNPATH_SEARCH_PATHS = (
					"$(inherited)",
					"@executable_path/Frameworks",
				);
				MARKETING_VERSION = 1.0;
				PRODUCT_BUNDLE_IDENTIFIER = dev.jonathansilva.Roshambo;
				PRODUCT_NAME = "$(TARGET_NAME)";
				SWIFT_EMIT_LOC_STRINGS = YES;
				SWIFT_VERSION = 5.0;
				TARGETED_DEVICE_FAMILY = "1,2";
			};
			name = Debug;
		};
		1E5E5DDF288AC12B00003A86 /* Release */ = {
			isa = XCBuildConfiguration;
			buildSettings = {
				ASSETCATALOG_COMPILER_APPICON_NAME = AppIcon;
				ASSETCATALOG_COMPILER_GLOBAL_ACCENT_COLOR_NAME = AccentColor;
				CODE_SIGN_STYLE = Automatic;
				CURRENT_PROJECT_VERSION = 1;
				DEVELOPMENT_TEAM = FH8V9LYGVN;
				GENERATE_INFOPLIST_FILE = YES;
				INFOPLIST_FILE = Roshambo/Info.plist;
				INFOPLIST_KEY_UIApplicationSupportsIndirectInputEvents = YES;
				INFOPLIST_KEY_UILaunchStoryboardName = LaunchScreen;
				INFOPLIST_KEY_UIMainStoryboardFile = Main;
				INFOPLIST_KEY_UISupportedInterfaceOrientations_iPad = "UIInterfaceOrientationPortrait UIInterfaceOrientationPortraitUpsideDown UIInterfaceOrientationLandscapeLeft UIInterfaceOrientationLandscapeRight";
				INFOPLIST_KEY_UISupportedInterfaceOrientations_iPhone = "UIInterfaceOrientationPortrait UIInterfaceOrientationLandscapeLeft UIInterfaceOrientationLandscapeRight";
				LD_RUNPATH_SEARCH_PATHS = (
					"$(inherited)",
					"@executable_path/Frameworks",
				);
				MARKETING_VERSION = 1.0;
				PRODUCT_BUNDLE_IDENTIFIER = dev.jonathansilva.Roshambo;
				PRODUCT_NAME = "$(TARGET_NAME)";
				SWIFT_EMIT_LOC_STRINGS = YES;
				SWIFT_VERSION = 5.0;
				TARGETED_DEVICE_FAMILY = "1,2";
			};
			name = Release;
		};
		1E5E5DE1288AC12B00003A86 /* Debug */ = {
			isa = XCBuildConfiguration;
			buildSettings = {
				ALWAYS_EMBED_SWIFT_STANDARD_LIBRARIES = YES;
				BUNDLE_LOADER = "$(TEST_HOST)";
				CODE_SIGN_STYLE = Automatic;
				CURRENT_PROJECT_VERSION = 1;
				DEVELOPMENT_TEAM = FH8V9LYGVN;
				GENERATE_INFOPLIST_FILE = YES;
				IPHONEOS_DEPLOYMENT_TARGET = 15.5;
				MARKETING_VERSION = 1.0;
				PRODUCT_BUNDLE_IDENTIFIER = dev.jonathansilva.RoshamboTests;
				PRODUCT_NAME = "$(TARGET_NAME)";
				SWIFT_EMIT_LOC_STRINGS = NO;
				SWIFT_VERSION = 5.0;
				TARGETED_DEVICE_FAMILY = "1,2";
				TEST_HOST = "$(BUILT_PRODUCTS_DIR)/Roshambo.app/Roshambo";
			};
			name = Debug;
		};
		1E5E5DE2288AC12B00003A86 /* Release */ = {
			isa = XCBuildConfiguration;
			buildSettings = {
				ALWAYS_EMBED_SWIFT_STANDARD_LIBRARIES = YES;
				BUNDLE_LOADER = "$(TEST_HOST)";
				CODE_SIGN_STYLE = Automatic;
				CURRENT_PROJECT_VERSION = 1;
				DEVELOPMENT_TEAM = FH8V9LYGVN;
				GENERATE_INFOPLIST_FILE = YES;
				IPHONEOS_DEPLOYMENT_TARGET = 15.5;
				MARKETING_VERSION = 1.0;
				PRODUCT_BUNDLE_IDENTIFIER = dev.jonathansilva.RoshamboTests;
				PRODUCT_NAME = "$(TARGET_NAME)";
				SWIFT_EMIT_LOC_STRINGS = NO;
				SWIFT_VERSION = 5.0;
				TARGETED_DEVICE_FAMILY = "1,2";
				TEST_HOST = "$(BUILT_PRODUCTS_DIR)/Roshambo.app/Roshambo";
			};
			name = Release;
		};
		1E5E5DE4288AC12B00003A86 /* Debug */ = {
			isa = XCBuildConfiguration;
			buildSettings = {
				ALWAYS_EMBED_SWIFT_STANDARD_LIBRARIES = YES;
				CODE_SIGN_STYLE = Automatic;
				CURRENT_PROJECT_VERSION = 1;
				DEVELOPMENT_TEAM = FH8V9LYGVN;
				GENERATE_INFOPLIST_FILE = YES;
				MARKETING_VERSION = 1.0;
				PRODUCT_BUNDLE_IDENTIFIER = dev.jonathansilva.RoshamboUITests;
				PRODUCT_NAME = "$(TARGET_NAME)";
				SWIFT_EMIT_LOC_STRINGS = NO;
				SWIFT_VERSION = 5.0;
				TARGETED_DEVICE_FAMILY = "1,2";
				TEST_TARGET_NAME = Roshambo;
			};
			name = Debug;
		};
		1E5E5DE5288AC12B00003A86 /* Release */ = {
			isa = XCBuildConfiguration;
			buildSettings = {
				ALWAYS_EMBED_SWIFT_STANDARD_LIBRARIES = YES;
				CODE_SIGN_STYLE = Automatic;
				CURRENT_PROJECT_VERSION = 1;
				DEVELOPMENT_TEAM = FH8V9LYGVN;
				GENERATE_INFOPLIST_FILE = YES;
				MARKETING_VERSION = 1.0;
				PRODUCT_BUNDLE_IDENTIFIER = dev.jonathansilva.RoshamboUITests;
				PRODUCT_NAME = "$(TARGET_NAME)";
				SWIFT_EMIT_LOC_STRINGS = NO;
				SWIFT_VERSION = 5.0;
				TARGETED_DEVICE_FAMILY = "1,2";
				TEST_TARGET_NAME = Roshambo;
			};
			name = Release;
		};
/* End XCBuildConfiguration section */

/* Begin XCConfigurationList section */
		1E5E5DAE288AC12A00003A86 /* Build configuration list for PBXProject "Roshambo" */ = {
			isa = XCConfigurationList;
			buildConfigurations = (
				1E5E5DDB288AC12B00003A86 /* Debug */,
				1E5E5DDC288AC12B00003A86 /* Release */,
			);
			defaultConfigurationIsVisible = 0;
			defaultConfigurationName = Release;
		};
		1E5E5DDD288AC12B00003A86 /* Build configuration list for PBXNativeTarget "Roshambo" */ = {
			isa = XCConfigurationList;
			buildConfigurations = (
				1E5E5DDE288AC12B00003A86 /* Debug */,
				1E5E5DDF288AC12B00003A86 /* Release */,
			);
			defaultConfigurationIsVisible = 0;
			defaultConfigurationName = Release;
		};
		1E5E5DE0288AC12B00003A86 /* Build configuration list for PBXNativeTarget "RoshamboTests" */ = {
			isa = XCConfigurationList;
			buildConfigurations = (
				1E5E5DE1288AC12B00003A86 /* Debug */,
				1E5E5DE2288AC12B00003A86 /* Release */,
			);
			defaultConfigurationIsVisible = 0;
			defaultConfigurationName = Release;
		};
		1E5E5DE3288AC12B00003A86 /* Build configuration list for PBXNativeTarget "RoshamboUITests" */ = {
			isa = XCConfigurationList;
			buildConfigurations = (
				1E5E5DE4288AC12B00003A86 /* Debug */,
				1E5E5DE5288AC12B00003A86 /* Release */,
			);
			defaultConfigurationIsVisible = 0;
			defaultConfigurationName = Release;
		};
/* End XCConfigurationList section */
	};
	rootObject = 1E5E5DAB288AC12A00003A86 /* Project object */;
}
